{
  "name": "@anio-software/enkore-private.target-js-utils",
  "version": "0.0.10",
  "lockfileVersion": 3,
  "requires": true,
  "packages": {
    "": {
      "name": "@anio-software/enkore-private.target-js-utils",
      "version": "0.0.10",
      "license": "MIT",
      "devDependencies": {
        "@anio-software/enkore": "^0.0.75",
        "@anio-software/enkore.core": "^0.11.2"
      }
    },
    "node_modules/@anio-software/enkore": {
      "version": "0.0.75",
      "resolved": "https://npm-registry.anio.software/@anio-software/enkore/-/enkore-0.0.75.tgz",
      "integrity": "sha512-oELNcbWq8LvDSwdv8BedFA6cw51QItuRyzKYLOFDRIdCcHmsl76XA6p9C2frJB31lVNZuK8EkIANSJku+rnUFw==",
      "dev": true,
      "license": "MIT",
      "bin": {
        "enkore": "cli.mjs"
      }
    },
    "node_modules/@anio-software/enkore.core": {
      "version": "0.11.2",
      "resolved": "https://npm-registry.anio.software/@anio-software/enkore.core/-/enkore.core-0.11.2.tgz",
      "integrity": "sha512-7Y9zKQWUHS6u8ntmQx+E740rjXNUJ/uIPFLe+ycBnQb7oRWwJv/TM22tLntSdzEat9qqONJ58p1J85dgC80z0A==",
      "dev": true,
      "license": "MIT"
    }
  }
}
