{
  "name": "@enkore/target-js-utils",
  "version": "0.0.5",
  "lockfileVersion": 3,
  "requires": true,
  "packages": {
    "": {
      "name": "@enkore/target-js-utils",
      "version": "0.0.5",
      "license": "MIT",
      "devDependencies": {
        "@enkore-target/js-node": "^0.0.1",
        "@enkore/core": "^0.6.4",
        "enkore": "^0.0.16"
      }
    },
    "node_modules/@enkore-target/js-node": {
      "version": "0.0.1",
      "resolved": "https://registry.npmjs.org/@enkore-target/js-node/-/js-node-0.0.1.tgz",
      "integrity": "sha512-WnBfHhKcGQGPZHkRF3eNed/3UxwiiNZw3kaWpHia8EJzJnjv6vEROU7bZ1ksaWFcOeuDNlY9NiqBZb2SaDKOyA==",
      "dev": true,
      "license": "MIT",
      "peerDependencies": {
        "@types/node": ">=22.7.x"
      }
    },
    "node_modules/@enkore/core": {
      "version": "0.6.4",
      "resolved": "https://registry.npmjs.org/@enkore/core/-/core-0.6.4.tgz",
      "integrity": "sha512-HsFzorXNMGcjn6u1IQOhP1QQwHBM6nwXZ8y9u+NSaXSifbhB1DDEnPLA4veS4PvJ41F09Z5bVuXSA2xH3eyjxA==",
      "dev": true,
      "license": "MIT"
    },
    "node_modules/@types/node": {
      "version": "22.13.14",
      "resolved": "https://registry.npmjs.org/@types/node/-/node-22.13.14.tgz",
      "integrity": "sha512-Zs/Ollc1SJ8nKUAgc7ivOEdIBM8JAKgrqqUYi2J997JuKO7/tpQC+WCetQ1sypiKCQWHdvdg9wBNpUPEWZae7w==",
      "dev": true,
      "license": "MIT",
      "peer": true,
      "dependencies": {
        "undici-types": "~6.20.0"
      }
    },
    "node_modules/enkore": {
      "version": "0.0.16",
      "resolved": "https://registry.npmjs.org/enkore/-/enkore-0.0.16.tgz",
      "integrity": "sha512-kgnPQB9rcS8gu0oW/7ErHpYQJvTcm0fIAOOILDaAMtyoWz259qAX+8PdBOH1RBzrV1yx1JnTZ+Q/LiSXXxJC9g==",
      "dev": true,
      "license": "MIT",
      "bin": {
        "enkore": "cli.mjs"
      }
    },
    "node_modules/undici-types": {
      "version": "6.20.0",
      "resolved": "https://registry.npmjs.org/undici-types/-/undici-types-6.20.0.tgz",
      "integrity": "sha512-Ny6QZ2Nju20vw1SRHe3d9jVu6gJ+4e3+MMpqu7pqE5HT6WsTSlce++GQmK5UXS8mzV8DSYHrQH+Xrf2jVcuKNg==",
      "dev": true,
      "license": "MIT",
      "peer": true
    }
  }
}
