{
  "name": "@enkore/realm-js-and-web-utils",
  "version": "0.0.8",
  "lockfileVersion": 3,
  "requires": true,
  "packages": {
    "": {
      "name": "@enkore/realm-js-and-web-utils",
      "version": "0.0.8",
      "license": "MIT",
      "devDependencies": {
        "@enkore/core": "^0.4.0",
        "@enkore/realm-js": "^0.0.2",
        "enkore": "^0.0.8"
      }
    },
    "node_modules/@enkore/core": {
      "version": "0.4.0",
      "resolved": "https://registry.npmjs.org/@enkore/core/-/core-0.4.0.tgz",
      "integrity": "sha512-X21ZekeSkZcH3DbdjVlx2oxHu6T+9AgeIldtg+hal4+BiqkKfnf8Y5QnmttyRUXKPRuvmryc7fty0bSfjXMTpA==",
      "dev": true,
      "license": "MIT"
    },
    "node_modules/@enkore/realm-js": {
      "version": "0.0.2",
      "resolved": "https://registry.npmjs.org/@enkore/realm-js/-/realm-js-0.0.2.tgz",
      "integrity": "sha512-Pw819MX7RZCqh2DXmLetvpb3icshwyHT9tqJ93+SCYmJp/tLCiV/seQcQKW+HZvZ1Lxm546Gd9grMwsn+7F6qg==",
      "dev": true,
      "license": "MIT"
    },
    "node_modules/enkore": {
      "version": "0.0.8",
      "resolved": "https://registry.npmjs.org/enkore/-/enkore-0.0.8.tgz",
      "integrity": "sha512-dGhhyFHQR7G+Ael+NW1LoyPq1gUtlvyF+OCEvAeeoSgMpY0X/Z6OhBRoUq1AaOTNVcWDRwPXqsBm2vCbklefwg==",
      "dev": true,
      "license": "MIT",
      "bin": {
        "enkore": "cli.mjs"
      }
    }
  }
}
